
Microsoft Visual Studio Solution File, Format Version 12.00
# Visual Studio 15
VisualStudioVersion = 15.0.28307.168
MinimumVisualStudioVersion = 10.0.40219.1
Project("{8BC9CEB8-8B4A-11D0-8D11-00A0C91BC942}") = "Agari.io", "Agari.io.vcxproj", "{FF83E0C0-B773-411F-9AE9-5F3F524AEFF8}"
EndProject
Global
	GlobalSection(SolutionConfigurationPlatforms) = preSolution
		Debug|x64 = Debug|x64
		Debug|x86 = Debug|x86
		Release|x64 = Release|x64
		Release|x86 = Release|x86
	EndGlobalSection
	GlobalSection(ProjectConfigurationPlatforms) = postSolution
		{FF83E0C0-B773-411F-9AE9-5F3F524AEFF8}.Debug|x64.ActiveCfg = Debug|x64
		{FF83E0C0-B773-411F-9AE9-5F3F524AEFF8}.Debug|x64.Build.0 = Debug|x64
		{FF83E0C0-B773-411F-9AE9-5F3F524AEFF8}.Debug|x86.ActiveCfg = Debug|Win32
		{FF83E0C0-B773-411F-9AE9-5F3F524AEFF8}.Debug|x86.Build.0 = Debug|Win32
		{FF83E0C0-B773-411F-9AE9-5F3F524AEFF8}.Release|x64.ActiveCfg = Release|x64
		{FF83E0C0-B773-411F-9AE9-5F3F524AEFF8}.Release|x64.Build.0 = Release|x64
		{FF83E0C0-B773-411F-9AE9-5F3F524AEFF8}.Release|x86.ActiveCfg = Release|Win32
		{FF83E0C0-B773-411F-9AE9-5F3F524AEFF8}.Release|x86.Build.0 = Release|Win32
	EndGlobalSection
	GlobalSection(SolutionProperties) = preSolution
		HideSolutionNode = FALSE
	EndGlobalSection
	GlobalSection(ExtensibilityGlobals) = postSolution
		SolutionGuid = {65633303-1D4A-4992-A6CA-1AD578214A86}
	EndGlobalSection
EndGlobal
